
Microsoft Visual Studio Solution File, Format Version 12.00
# Visual Studio Version 17
VisualStudioVersion = 17.8.34525.116
MinimumVisualStudioVersion = 10.0.40219.1
Project("{FAE04EC0-301F-11D3-BF4B-00C04F79EFBC}") = "ovning list 6", "ovning list 6\ovning list 6.csproj", "{E085AB83-5CC4-4061-BDD1-4B306C7166E2}"
EndProject
Global
	GlobalSection(SolutionConfigurationPlatforms) = preSolution
		Debug|Any CPU = Debug|Any CPU
		Release|Any CPU = Release|Any CPU
	EndGlobalSection
	GlobalSection(ProjectConfigurationPlatforms) = postSolution
		{E085AB83-5CC4-4061-BDD1-4B306C7166E2}.Debug|Any CPU.ActiveCfg = Debug|Any CPU
		{E085AB83-5CC4-4061-BDD1-4B306C7166E2}.Debug|Any CPU.Build.0 = Debug|Any CPU
		{E085AB83-5CC4-4061-BDD1-4B306C7166E2}.Release|Any CPU.ActiveCfg = Release|Any CPU
		{E085AB83-5CC4-4061-BDD1-4B306C7166E2}.Release|Any CPU.Build.0 = Release|Any CPU
	EndGlobalSection
	GlobalSection(SolutionProperties) = preSolution
		HideSolutionNode = FALSE
	EndGlobalSection
	GlobalSection(ExtensibilityGlobals) = postSolution
		SolutionGuid = {A4EE1B51-DAF5-4568-905B-599DAAE5B169}
	EndGlobalSection
EndGlobal
